
Microsoft Visual Studio Solution File, Format Version 12.00
# Visual Studio Version 17
VisualStudioVersion = 17.6.33723.286
MinimumVisualStudioVersion = 10.0.40219.1
Project("{8BC9CEB8-8B4A-11D0-8D11-00A0C91BC942}") = "72", "72\72.vcxproj", "{C04FCAD9-A9CC-424C-AF1C-DD9F8533205C}"
EndProject
Global
	GlobalSection(SolutionConfigurationPlatforms) = preSolution
		Debug|x64 = Debug|x64
		Debug|x86 = Debug|x86
		Release|x64 = Release|x64
		Release|x86 = Release|x86
	EndGlobalSection
	GlobalSection(ProjectConfigurationPlatforms) = postSolution
		{C04FCAD9-A9CC-424C-AF1C-DD9F8533205C}.Debug|x64.ActiveCfg = Debug|x64
		{C04FCAD9-A9CC-424C-AF1C-DD9F8533205C}.Debug|x64.Build.0 = Debug|x64
		{C04FCAD9-A9CC-424C-AF1C-DD9F8533205C}.Debug|x86.ActiveCfg = Debug|Win32
		{C04FCAD9-A9CC-424C-AF1C-DD9F8533205C}.Debug|x86.Build.0 = Debug|Win32
		{C04FCAD9-A9CC-424C-AF1C-DD9F8533205C}.Release|x64.ActiveCfg = Release|x64
		{C04FCAD9-A9CC-424C-AF1C-DD9F8533205C}.Release|x64.Build.0 = Release|x64
		{C04FCAD9-A9CC-424C-AF1C-DD9F8533205C}.Release|x86.ActiveCfg = Release|Win32
		{C04FCAD9-A9CC-424C-AF1C-DD9F8533205C}.Release|x86.Build.0 = Release|Win32
	EndGlobalSection
	GlobalSection(SolutionProperties) = preSolution
		HideSolutionNode = FALSE
	EndGlobalSection
	GlobalSection(ExtensibilityGlobals) = postSolution
		SolutionGuid = {3C9CA3D5-21F6-41EA-9BED-95B2C94EFA59}
	EndGlobalSection
EndGlobal
