
Microsoft Visual Studio Solution File, Format Version 12.00
# Visual Studio Version 17
VisualStudioVersion = 17.6.33723.286
MinimumVisualStudioVersion = 10.0.40219.1
Project("{8BC9CEB8-8B4A-11D0-8D11-00A0C91BC942}") = "53", "53\53.vcxproj", "{33B87E91-79A0-408E-A13E-3D2BBE873CCD}"
EndProject
Global
	GlobalSection(SolutionConfigurationPlatforms) = preSolution
		Debug|x64 = Debug|x64
		Debug|x86 = Debug|x86
		Release|x64 = Release|x64
		Release|x86 = Release|x86
	EndGlobalSection
	GlobalSection(ProjectConfigurationPlatforms) = postSolution
		{33B87E91-79A0-408E-A13E-3D2BBE873CCD}.Debug|x64.ActiveCfg = Debug|x64
		{33B87E91-79A0-408E-A13E-3D2BBE873CCD}.Debug|x64.Build.0 = Debug|x64
		{33B87E91-79A0-408E-A13E-3D2BBE873CCD}.Debug|x86.ActiveCfg = Debug|Win32
		{33B87E91-79A0-408E-A13E-3D2BBE873CCD}.Debug|x86.Build.0 = Debug|Win32
		{33B87E91-79A0-408E-A13E-3D2BBE873CCD}.Release|x64.ActiveCfg = Release|x64
		{33B87E91-79A0-408E-A13E-3D2BBE873CCD}.Release|x64.Build.0 = Release|x64
		{33B87E91-79A0-408E-A13E-3D2BBE873CCD}.Release|x86.ActiveCfg = Release|Win32
		{33B87E91-79A0-408E-A13E-3D2BBE873CCD}.Release|x86.Build.0 = Release|Win32
	EndGlobalSection
	GlobalSection(SolutionProperties) = preSolution
		HideSolutionNode = FALSE
	EndGlobalSection
	GlobalSection(ExtensibilityGlobals) = postSolution
		SolutionGuid = {B12F8BB9-6BDC-474D-B3BA-87AA87E40F7F}
	EndGlobalSection
EndGlobal
