
Microsoft Visual Studio Solution File, Format Version 12.00
# Visual Studio Version 17
VisualStudioVersion = 17.6.33723.286
MinimumVisualStudioVersion = 10.0.40219.1
Project("{8BC9CEB8-8B4A-11D0-8D11-00A0C91BC942}") = "94", "94\94.vcxproj", "{B458B86B-FA52-4077-AFD7-C14C1FCC486E}"
EndProject
Global
	GlobalSection(SolutionConfigurationPlatforms) = preSolution
		Debug|x64 = Debug|x64
		Debug|x86 = Debug|x86
		Release|x64 = Release|x64
		Release|x86 = Release|x86
	EndGlobalSection
	GlobalSection(ProjectConfigurationPlatforms) = postSolution
		{B458B86B-FA52-4077-AFD7-C14C1FCC486E}.Debug|x64.ActiveCfg = Debug|x64
		{B458B86B-FA52-4077-AFD7-C14C1FCC486E}.Debug|x64.Build.0 = Debug|x64
		{B458B86B-FA52-4077-AFD7-C14C1FCC486E}.Debug|x86.ActiveCfg = Debug|Win32
		{B458B86B-FA52-4077-AFD7-C14C1FCC486E}.Debug|x86.Build.0 = Debug|Win32
		{B458B86B-FA52-4077-AFD7-C14C1FCC486E}.Release|x64.ActiveCfg = Release|x64
		{B458B86B-FA52-4077-AFD7-C14C1FCC486E}.Release|x64.Build.0 = Release|x64
		{B458B86B-FA52-4077-AFD7-C14C1FCC486E}.Release|x86.ActiveCfg = Release|Win32
		{B458B86B-FA52-4077-AFD7-C14C1FCC486E}.Release|x86.Build.0 = Release|Win32
	EndGlobalSection
	GlobalSection(SolutionProperties) = preSolution
		HideSolutionNode = FALSE
	EndGlobalSection
	GlobalSection(ExtensibilityGlobals) = postSolution
		SolutionGuid = {57AA4CB2-0AD9-40D6-A925-1D61C3999636}
	EndGlobalSection
EndGlobal
