
Microsoft Visual Studio Solution File, Format Version 12.00
# Visual Studio Version 17
VisualStudioVersion = 17.6.33723.286
MinimumVisualStudioVersion = 10.0.40219.1
Project("{8BC9CEB8-8B4A-11D0-8D11-00A0C91BC942}") = "69", "69\69.vcxproj", "{864158BD-632C-4F9C-80DE-F96B686A98B8}"
EndProject
Global
	GlobalSection(SolutionConfigurationPlatforms) = preSolution
		Debug|x64 = Debug|x64
		Debug|x86 = Debug|x86
		Release|x64 = Release|x64
		Release|x86 = Release|x86
	EndGlobalSection
	GlobalSection(ProjectConfigurationPlatforms) = postSolution
		{864158BD-632C-4F9C-80DE-F96B686A98B8}.Debug|x64.ActiveCfg = Debug|x64
		{864158BD-632C-4F9C-80DE-F96B686A98B8}.Debug|x64.Build.0 = Debug|x64
		{864158BD-632C-4F9C-80DE-F96B686A98B8}.Debug|x86.ActiveCfg = Debug|Win32
		{864158BD-632C-4F9C-80DE-F96B686A98B8}.Debug|x86.Build.0 = Debug|Win32
		{864158BD-632C-4F9C-80DE-F96B686A98B8}.Release|x64.ActiveCfg = Release|x64
		{864158BD-632C-4F9C-80DE-F96B686A98B8}.Release|x64.Build.0 = Release|x64
		{864158BD-632C-4F9C-80DE-F96B686A98B8}.Release|x86.ActiveCfg = Release|Win32
		{864158BD-632C-4F9C-80DE-F96B686A98B8}.Release|x86.Build.0 = Release|Win32
	EndGlobalSection
	GlobalSection(SolutionProperties) = preSolution
		HideSolutionNode = FALSE
	EndGlobalSection
	GlobalSection(ExtensibilityGlobals) = postSolution
		SolutionGuid = {264E3923-5D4E-466A-ABA3-B2C5795C4E43}
	EndGlobalSection
EndGlobal
